{
  "name": "m-select",
  "version": "0.2.2",
  "lockfileVersion": 1,
  "dependencies": {
    "alloytouch": {
      "version": "0.2.5",
      "resolved": "https://registry.npmjs.org/alloytouch/-/alloytouch-0.2.5.tgz",
      "integrity": "sha1-M+qLt9Oe/fgznlnfoGffKLs4WWg="
    },
    "css3transform": {
      "version": "1.1.8",
      "resolved": "https://registry.npmjs.org/css3transform/-/css3transform-1.1.8.tgz",
      "integrity": "sha512-qXiykl4rx5rgg2W5/d99TS4zHnQoHbVgZMKwB7BX5okkgr1D66QUpEl93GO4t2f0V+zVX6Bj88ghdsVxvd57aA=="
    }
  }
}
